
Microsoft Visual Studio Solution File, Format Version 12.00
# Visual Studio Version 17
VisualStudioVersion = 17.9.34622.214
MinimumVisualStudioVersion = 10.0.40219.1
Project("{FAE04EC0-301F-11D3-BF4B-00C04F79EFBC}") = "Class_Figure", "Class_Figure\Class_Figure.csproj", "{B37DF8D7-F179-467C-93ED-A14A5BFF85F4}"
EndProject
Global
	GlobalSection(SolutionConfigurationPlatforms) = preSolution
		Debug|Any CPU = Debug|Any CPU
		Release|Any CPU = Release|Any CPU
	EndGlobalSection
	GlobalSection(ProjectConfigurationPlatforms) = postSolution
		{B37DF8D7-F179-467C-93ED-A14A5BFF85F4}.Debug|Any CPU.ActiveCfg = Debug|Any CPU
		{B37DF8D7-F179-467C-93ED-A14A5BFF85F4}.Debug|Any CPU.Build.0 = Debug|Any CPU
		{B37DF8D7-F179-467C-93ED-A14A5BFF85F4}.Release|Any CPU.ActiveCfg = Release|Any CPU
		{B37DF8D7-F179-467C-93ED-A14A5BFF85F4}.Release|Any CPU.Build.0 = Release|Any CPU
	EndGlobalSection
	GlobalSection(SolutionProperties) = preSolution
		HideSolutionNode = FALSE
	EndGlobalSection
	GlobalSection(ExtensibilityGlobals) = postSolution
		SolutionGuid = {3119791D-29E0-40B9-B8E5-639C4913F183}
	EndGlobalSection
EndGlobal
