
Microsoft Visual Studio Solution File, Format Version 12.00
# Visual Studio Version 17
VisualStudioVersion = 17.9.34622.214
MinimumVisualStudioVersion = 10.0.40219.1
Project("{FAE04EC0-301F-11D3-BF4B-00C04F79EFBC}") = "Matrix_Magic_Square", "Matrix_Magic_Square\Matrix_Magic_Square.csproj", "{DEA1D961-D1E9-49E2-AB11-C60D0853C6F6}"
EndProject
Global
	GlobalSection(SolutionConfigurationPlatforms) = preSolution
		Debug|Any CPU = Debug|Any CPU
		Release|Any CPU = Release|Any CPU
	EndGlobalSection
	GlobalSection(ProjectConfigurationPlatforms) = postSolution
		{DEA1D961-D1E9-49E2-AB11-C60D0853C6F6}.Debug|Any CPU.ActiveCfg = Debug|Any CPU
		{DEA1D961-D1E9-49E2-AB11-C60D0853C6F6}.Debug|Any CPU.Build.0 = Debug|Any CPU
		{DEA1D961-D1E9-49E2-AB11-C60D0853C6F6}.Release|Any CPU.ActiveCfg = Release|Any CPU
		{DEA1D961-D1E9-49E2-AB11-C60D0853C6F6}.Release|Any CPU.Build.0 = Release|Any CPU
	EndGlobalSection
	GlobalSection(SolutionProperties) = preSolution
		HideSolutionNode = FALSE
	EndGlobalSection
	GlobalSection(ExtensibilityGlobals) = postSolution
		SolutionGuid = {8AF05A07-C939-480A-A11B-A24442990728}
	EndGlobalSection
EndGlobal
